
Microsoft Visual Studio Solution File, Format Version 12.00
# Visual Studio 14
VisualStudioVersion = 14.0.23107.0
MinimumVisualStudioVersion = 10.0.40219.1
Project("{8BC9CEB8-8B4A-11D0-8D11-00A0C91BC942}") = "libmsfat", "libmsfat.vcxproj", "{21945CFC-764C-4F4C-9F95-B756CEE09AA3}"
	ProjectSection(ProjectDependencies) = postProject
		{81BA0D80-F8CE-410B-B664-8F77964941AB} = {81BA0D80-F8CE-410B-B664-8F77964941AB}
	EndProjectSection
EndProject
Project("{8BC9CEB8-8B4A-11D0-8D11-00A0C91BC942}") = "libpartmbr", "..\..\libpartmbr\vs2015\libpartmbr.vcxproj", "{81BA0D80-F8CE-410B-B664-8F77964941AB}"
EndProject
Project("{8BC9CEB8-8B4A-11D0-8D11-00A0C91BC942}") = "libint13chs", "..\..\libint13chs\vs2015\libint13chs.vcxproj", "{DB822FAD-A7BC-4E17-9950-E5A7A4BDA3E8}"
EndProject
Project("{8BC9CEB8-8B4A-11D0-8D11-00A0C91BC942}") = "fatinfo", "fatinfo.vcxproj", "{3D8E9B0A-EEAB-4B27-8B66-6AC2C465146F}"
	ProjectSection(ProjectDependencies) = postProject
		{21945CFC-764C-4F4C-9F95-B756CEE09AA3} = {21945CFC-764C-4F4C-9F95-B756CEE09AA3}
	EndProjectSection
EndProject
Project("{8BC9CEB8-8B4A-11D0-8D11-00A0C91BC942}") = "fatinfo2", "fatinfo2.vcxproj", "{97BF62BF-3DC5-4441-8781-F4D7462928C0}"
	ProjectSection(ProjectDependencies) = postProject
		{21945CFC-764C-4F4C-9F95-B756CEE09AA3} = {21945CFC-764C-4F4C-9F95-B756CEE09AA3}
	EndProjectSection
EndProject
Project("{8BC9CEB8-8B4A-11D0-8D11-00A0C91BC942}") = "tabldump", "tabldump.vcxproj", "{AA11A768-098B-4C9D-9326-878DE39FB0D5}"
	ProjectSection(ProjectDependencies) = postProject
		{21945CFC-764C-4F4C-9F95-B756CEE09AA3} = {21945CFC-764C-4F4C-9F95-B756CEE09AA3}
	EndProjectSection
EndProject
Global
	GlobalSection(SolutionConfigurationPlatforms) = preSolution
		Debug|x64 = Debug|x64
		Debug|x86 = Debug|x86
		Release|x64 = Release|x64
		Release|x86 = Release|x86
	EndGlobalSection
	GlobalSection(ProjectConfigurationPlatforms) = postSolution
		{21945CFC-764C-4F4C-9F95-B756CEE09AA3}.Debug|x64.ActiveCfg = Debug|x64
		{21945CFC-764C-4F4C-9F95-B756CEE09AA3}.Debug|x64.Build.0 = Debug|x64
		{21945CFC-764C-4F4C-9F95-B756CEE09AA3}.Debug|x86.ActiveCfg = Debug|Win32
		{21945CFC-764C-4F4C-9F95-B756CEE09AA3}.Debug|x86.Build.0 = Debug|Win32
		{21945CFC-764C-4F4C-9F95-B756CEE09AA3}.Release|x64.ActiveCfg = Release|x64
		{21945CFC-764C-4F4C-9F95-B756CEE09AA3}.Release|x64.Build.0 = Release|x64
		{21945CFC-764C-4F4C-9F95-B756CEE09AA3}.Release|x86.ActiveCfg = Release|Win32
		{21945CFC-764C-4F4C-9F95-B756CEE09AA3}.Release|x86.Build.0 = Release|Win32
		{81BA0D80-F8CE-410B-B664-8F77964941AB}.Debug|x64.ActiveCfg = Debug|x64
		{81BA0D80-F8CE-410B-B664-8F77964941AB}.Debug|x64.Build.0 = Debug|x64
		{81BA0D80-F8CE-410B-B664-8F77964941AB}.Debug|x86.ActiveCfg = Debug|Win32
		{81BA0D80-F8CE-410B-B664-8F77964941AB}.Debug|x86.Build.0 = Debug|Win32
		{81BA0D80-F8CE-410B-B664-8F77964941AB}.Release|x64.ActiveCfg = Release|x64
		{81BA0D80-F8CE-410B-B664-8F77964941AB}.Release|x64.Build.0 = Release|x64
		{81BA0D80-F8CE-410B-B664-8F77964941AB}.Release|x86.ActiveCfg = Release|Win32
		{81BA0D80-F8CE-410B-B664-8F77964941AB}.Release|x86.Build.0 = Release|Win32
		{DB822FAD-A7BC-4E17-9950-E5A7A4BDA3E8}.Debug|x64.ActiveCfg = Debug|x64
		{DB822FAD-A7BC-4E17-9950-E5A7A4BDA3E8}.Debug|x64.Build.0 = Debug|x64
		{DB822FAD-A7BC-4E17-9950-E5A7A4BDA3E8}.Debug|x86.ActiveCfg = Debug|Win32
		{DB822FAD-A7BC-4E17-9950-E5A7A4BDA3E8}.Debug|x86.Build.0 = Debug|Win32
		{DB822FAD-A7BC-4E17-9950-E5A7A4BDA3E8}.Release|x64.ActiveCfg = Release|x64
		{DB822FAD-A7BC-4E17-9950-E5A7A4BDA3E8}.Release|x64.Build.0 = Release|x64
		{DB822FAD-A7BC-4E17-9950-E5A7A4BDA3E8}.Release|x86.ActiveCfg = Release|Win32
		{DB822FAD-A7BC-4E17-9950-E5A7A4BDA3E8}.Release|x86.Build.0 = Release|Win32
		{3D8E9B0A-EEAB-4B27-8B66-6AC2C465146F}.Debug|x64.ActiveCfg = Debug|x64
		{3D8E9B0A-EEAB-4B27-8B66-6AC2C465146F}.Debug|x64.Build.0 = Debug|x64
		{3D8E9B0A-EEAB-4B27-8B66-6AC2C465146F}.Debug|x86.ActiveCfg = Debug|Win32
		{3D8E9B0A-EEAB-4B27-8B66-6AC2C465146F}.Debug|x86.Build.0 = Debug|Win32
		{3D8E9B0A-EEAB-4B27-8B66-6AC2C465146F}.Release|x64.ActiveCfg = Release|x64
		{3D8E9B0A-EEAB-4B27-8B66-6AC2C465146F}.Release|x64.Build.0 = Release|x64
		{3D8E9B0A-EEAB-4B27-8B66-6AC2C465146F}.Release|x86.ActiveCfg = Release|Win32
		{3D8E9B0A-EEAB-4B27-8B66-6AC2C465146F}.Release|x86.Build.0 = Release|Win32
		{97BF62BF-3DC5-4441-8781-F4D7462928C0}.Debug|x64.ActiveCfg = Debug|x64
		{97BF62BF-3DC5-4441-8781-F4D7462928C0}.Debug|x64.Build.0 = Debug|x64
		{97BF62BF-3DC5-4441-8781-F4D7462928C0}.Debug|x86.ActiveCfg = Debug|Win32
		{97BF62BF-3DC5-4441-8781-F4D7462928C0}.Debug|x86.Build.0 = Debug|Win32
		{97BF62BF-3DC5-4441-8781-F4D7462928C0}.Release|x64.ActiveCfg = Release|x64
		{97BF62BF-3DC5-4441-8781-F4D7462928C0}.Release|x64.Build.0 = Release|x64
		{97BF62BF-3DC5-4441-8781-F4D7462928C0}.Release|x86.ActiveCfg = Release|Win32
		{97BF62BF-3DC5-4441-8781-F4D7462928C0}.Release|x86.Build.0 = Release|Win32
		{AA11A768-098B-4C9D-9326-878DE39FB0D5}.Debug|x64.ActiveCfg = Debug|x64
		{AA11A768-098B-4C9D-9326-878DE39FB0D5}.Debug|x64.Build.0 = Debug|x64
		{AA11A768-098B-4C9D-9326-878DE39FB0D5}.Debug|x86.ActiveCfg = Debug|Win32
		{AA11A768-098B-4C9D-9326-878DE39FB0D5}.Debug|x86.Build.0 = Debug|Win32
		{AA11A768-098B-4C9D-9326-878DE39FB0D5}.Release|x64.ActiveCfg = Release|x64
		{AA11A768-098B-4C9D-9326-878DE39FB0D5}.Release|x64.Build.0 = Release|x64
		{AA11A768-098B-4C9D-9326-878DE39FB0D5}.Release|x86.ActiveCfg = Release|Win32
		{AA11A768-098B-4C9D-9326-878DE39FB0D5}.Release|x86.Build.0 = Release|Win32
	EndGlobalSection
	GlobalSection(SolutionProperties) = preSolution
		HideSolutionNode = FALSE
	EndGlobalSection
EndGlobal
